
Microsoft Visual Studio Solution File, Format Version 12.00
# Visual Studio Version 17
VisualStudioVersion = 17.2.32526.322
MinimumVisualStudioVersion = 10.0.40219.1
Project("{2150E333-8FDC-42A3-9474-1A3956D46DE8}") = "Application", "Application", "{EBFD2FDC-8B98-4D41-AD2A-4D2DC2CA39ED}"
EndProject
Project("{9A19103F-16F7-4668-BE54-9A1E7A4F7556}") = "Sample.Service", "Sample.Services\Sample.Service.csproj", "{980B94ED-A321-466E-9D5F-9A1671CAD04F}"
EndProject
Project("{9A19103F-16F7-4668-BE54-9A1E7A4F7556}") = "Sample.Core", "Sample.Core\Sample.Core.csproj", "{4D04A8B5-49AA-4A6F-BF18-294A29234998}"
EndProject
Project("{9A19103F-16F7-4668-BE54-9A1E7A4F7556}") = "Sample.Infrastructure", "Sample.Infrastructure\Sample.Infrastructure.csproj", "{CBB86658-A1FF-4F33-B8FD-65C93152420B}"
EndProject
Project("{9A19103F-16F7-4668-BE54-9A1E7A4F7556}") = "Sample.API", "Sample.API\Sample.API.csproj", "{C28EB2E3-6193-4E8C-93BC-21E2CBE691D5}"
EndProject
Global
	GlobalSection(SolutionConfigurationPlatforms) = preSolution
		Debug|Any CPU = Debug|Any CPU
		Release|Any CPU = Release|Any CPU
	EndGlobalSection
	GlobalSection(ProjectConfigurationPlatforms) = postSolution
		{980B94ED-A321-466E-9D5F-9A1671CAD04F}.Debug|Any CPU.ActiveCfg = Debug|Any CPU
		{980B94ED-A321-466E-9D5F-9A1671CAD04F}.Debug|Any CPU.Build.0 = Debug|Any CPU
		{980B94ED-A321-466E-9D5F-9A1671CAD04F}.Release|Any CPU.ActiveCfg = Release|Any CPU
		{980B94ED-A321-466E-9D5F-9A1671CAD04F}.Release|Any CPU.Build.0 = Release|Any CPU
		{4D04A8B5-49AA-4A6F-BF18-294A29234998}.Debug|Any CPU.ActiveCfg = Debug|Any CPU
		{4D04A8B5-49AA-4A6F-BF18-294A29234998}.Debug|Any CPU.Build.0 = Debug|Any CPU
		{4D04A8B5-49AA-4A6F-BF18-294A29234998}.Release|Any CPU.ActiveCfg = Release|Any CPU
		{4D04A8B5-49AA-4A6F-BF18-294A29234998}.Release|Any CPU.Build.0 = Release|Any CPU
		{CBB86658-A1FF-4F33-B8FD-65C93152420B}.Debug|Any CPU.ActiveCfg = Debug|Any CPU
		{CBB86658-A1FF-4F33-B8FD-65C93152420B}.Debug|Any CPU.Build.0 = Debug|Any CPU
		{CBB86658-A1FF-4F33-B8FD-65C93152420B}.Release|Any CPU.ActiveCfg = Release|Any CPU
		{CBB86658-A1FF-4F33-B8FD-65C93152420B}.Release|Any CPU.Build.0 = Release|Any CPU
		{C28EB2E3-6193-4E8C-93BC-21E2CBE691D5}.Debug|Any CPU.ActiveCfg = Debug|Any CPU
		{C28EB2E3-6193-4E8C-93BC-21E2CBE691D5}.Debug|Any CPU.Build.0 = Debug|Any CPU
		{C28EB2E3-6193-4E8C-93BC-21E2CBE691D5}.Release|Any CPU.ActiveCfg = Release|Any CPU
		{C28EB2E3-6193-4E8C-93BC-21E2CBE691D5}.Release|Any CPU.Build.0 = Release|Any CPU
	EndGlobalSection
	GlobalSection(SolutionProperties) = preSolution
		HideSolutionNode = FALSE
	EndGlobalSection
	GlobalSection(NestedProjects) = preSolution
		{980B94ED-A321-466E-9D5F-9A1671CAD04F} = {EBFD2FDC-8B98-4D41-AD2A-4D2DC2CA39ED}
	EndGlobalSection
	GlobalSection(ExtensibilityGlobals) = postSolution
		SolutionGuid = {FF6874A7-CED9-4D72-9F53-4CFC21515234}
	EndGlobalSection
EndGlobal
